
Microsoft Visual Studio Solution File, Format Version 12.00
# Visual Studio Version 16
VisualStudioVersion = 16.0.31515.178
MinimumVisualStudioVersion = 10.0.40219.1
Project("{9A19103F-16F7-4668-BE54-9A1E7A4F7556}") = "DataAccess", "DataAccess\DataAccess.csproj", "{4B720CEE-C479-403E-B9A8-CE016E6C2FB8}"
EndProject
Project("{9A19103F-16F7-4668-BE54-9A1E7A4F7556}") = "Business", "Business\Business.csproj", "{663883EA-5D2E-423A-8B5C-826C454AC0D4}"
EndProject
Project("{9A19103F-16F7-4668-BE54-9A1E7A4F7556}") = "Entities", "Entities\Entities.csproj", "{C3313B75-49F6-4ED9-A79E-9D1B0066D119}"
EndProject
Project("{9A19103F-16F7-4668-BE54-9A1E7A4F7556}") = "ConsoleUI", "ConsoleUI\ConsoleUI.csproj", "{601B6B4F-3458-4A75-A0D1-46721F114AAE}"
EndProject
Project("{FAE04EC0-301F-11D3-BF4B-00C04F79EFBC}") = "Core", "Core\Core.csproj", "{1452F8DE-CFB5-48B5-B13F-809116E0A025}"
EndProject
Global
	GlobalSection(SolutionConfigurationPlatforms) = preSolution
		Debug|Any CPU = Debug|Any CPU
		Release|Any CPU = Release|Any CPU
	EndGlobalSection
	GlobalSection(ProjectConfigurationPlatforms) = postSolution
		{4B720CEE-C479-403E-B9A8-CE016E6C2FB8}.Debug|Any CPU.ActiveCfg = Debug|Any CPU
		{4B720CEE-C479-403E-B9A8-CE016E6C2FB8}.Debug|Any CPU.Build.0 = Debug|Any CPU
		{4B720CEE-C479-403E-B9A8-CE016E6C2FB8}.Release|Any CPU.ActiveCfg = Release|Any CPU
		{4B720CEE-C479-403E-B9A8-CE016E6C2FB8}.Release|Any CPU.Build.0 = Release|Any CPU
		{663883EA-5D2E-423A-8B5C-826C454AC0D4}.Debug|Any CPU.ActiveCfg = Debug|Any CPU
		{663883EA-5D2E-423A-8B5C-826C454AC0D4}.Debug|Any CPU.Build.0 = Debug|Any CPU
		{663883EA-5D2E-423A-8B5C-826C454AC0D4}.Release|Any CPU.ActiveCfg = Release|Any CPU
		{663883EA-5D2E-423A-8B5C-826C454AC0D4}.Release|Any CPU.Build.0 = Release|Any CPU
		{C3313B75-49F6-4ED9-A79E-9D1B0066D119}.Debug|Any CPU.ActiveCfg = Debug|Any CPU
		{C3313B75-49F6-4ED9-A79E-9D1B0066D119}.Debug|Any CPU.Build.0 = Debug|Any CPU
		{C3313B75-49F6-4ED9-A79E-9D1B0066D119}.Release|Any CPU.ActiveCfg = Release|Any CPU
		{C3313B75-49F6-4ED9-A79E-9D1B0066D119}.Release|Any CPU.Build.0 = Release|Any CPU
		{601B6B4F-3458-4A75-A0D1-46721F114AAE}.Debug|Any CPU.ActiveCfg = Debug|Any CPU
		{601B6B4F-3458-4A75-A0D1-46721F114AAE}.Debug|Any CPU.Build.0 = Debug|Any CPU
		{601B6B4F-3458-4A75-A0D1-46721F114AAE}.Release|Any CPU.ActiveCfg = Release|Any CPU
		{601B6B4F-3458-4A75-A0D1-46721F114AAE}.Release|Any CPU.Build.0 = Release|Any CPU
		{1452F8DE-CFB5-48B5-B13F-809116E0A025}.Debug|Any CPU.ActiveCfg = Debug|Any CPU
		{1452F8DE-CFB5-48B5-B13F-809116E0A025}.Debug|Any CPU.Build.0 = Debug|Any CPU
		{1452F8DE-CFB5-48B5-B13F-809116E0A025}.Release|Any CPU.ActiveCfg = Release|Any CPU
		{1452F8DE-CFB5-48B5-B13F-809116E0A025}.Release|Any CPU.Build.0 = Release|Any CPU
	EndGlobalSection
	GlobalSection(SolutionProperties) = preSolution
		HideSolutionNode = FALSE
	EndGlobalSection
	GlobalSection(ExtensibilityGlobals) = postSolution
		SolutionGuid = {FB862C81-23C0-4426-B5A8-469E1AB509ED}
	EndGlobalSection
EndGlobal
